
Microsoft Visual Studio Solution File, Format Version 12.00
# Visual Studio Version 17
VisualStudioVersion = 17.9.34701.34
MinimumVisualStudioVersion = 10.0.40219.1
Project("{FAE04EC0-301F-11D3-BF4B-00C04F79EFBC}") = "ConsoleApp.OutputDemo", "ConsoleApp.OutputDemo\ConsoleApp.OutputDemo.csproj", "{8FBC77E3-FE8B-41C2-9E64-EAAABDE6A26C}"
EndProject
Project("{FAE04EC0-301F-11D3-BF4B-00C04F79EFBC}") = "ConsoleApp.VariablesDemo", "ConsoleApp.VariablesDemo\ConsoleApp.VariablesDemo.csproj", "{F5AD817A-1CFA-48B2-ABB4-DFBA8109544B}"
EndProject
Project("{FAE04EC0-301F-11D3-BF4B-00C04F79EFBC}") = "ConsoleApp.UserInputDemo", "ConsoleApp.UserInputDemo\ConsoleApp.UserInputDemo.csproj", "{8430B937-51B8-42C6-AF14-4F49113CB1F0}"
EndProject
Global
	GlobalSection(SolutionConfigurationPlatforms) = preSolution
		Debug|Any CPU = Debug|Any CPU
		Release|Any CPU = Release|Any CPU
	EndGlobalSection
	GlobalSection(ProjectConfigurationPlatforms) = postSolution
		{8FBC77E3-FE8B-41C2-9E64-EAAABDE6A26C}.Debug|Any CPU.ActiveCfg = Debug|Any CPU
		{8FBC77E3-FE8B-41C2-9E64-EAAABDE6A26C}.Debug|Any CPU.Build.0 = Debug|Any CPU
		{8FBC77E3-FE8B-41C2-9E64-EAAABDE6A26C}.Release|Any CPU.ActiveCfg = Release|Any CPU
		{8FBC77E3-FE8B-41C2-9E64-EAAABDE6A26C}.Release|Any CPU.Build.0 = Release|Any CPU
		{F5AD817A-1CFA-48B2-ABB4-DFBA8109544B}.Debug|Any CPU.ActiveCfg = Debug|Any CPU
		{F5AD817A-1CFA-48B2-ABB4-DFBA8109544B}.Debug|Any CPU.Build.0 = Debug|Any CPU
		{F5AD817A-1CFA-48B2-ABB4-DFBA8109544B}.Release|Any CPU.ActiveCfg = Release|Any CPU
		{F5AD817A-1CFA-48B2-ABB4-DFBA8109544B}.Release|Any CPU.Build.0 = Release|Any CPU
		{8430B937-51B8-42C6-AF14-4F49113CB1F0}.Debug|Any CPU.ActiveCfg = Debug|Any CPU
		{8430B937-51B8-42C6-AF14-4F49113CB1F0}.Debug|Any CPU.Build.0 = Debug|Any CPU
		{8430B937-51B8-42C6-AF14-4F49113CB1F0}.Release|Any CPU.ActiveCfg = Release|Any CPU
		{8430B937-51B8-42C6-AF14-4F49113CB1F0}.Release|Any CPU.Build.0 = Release|Any CPU
	EndGlobalSection
	GlobalSection(SolutionProperties) = preSolution
		HideSolutionNode = FALSE
	EndGlobalSection
	GlobalSection(ExtensibilityGlobals) = postSolution
		SolutionGuid = {DDEC94CE-FCCC-4E48-B8AF-3FC223470F87}
	EndGlobalSection
EndGlobal
